// !$*UTF8*$!
{
	archiveVersion = 1;
	classes = {
	};
	objectVersion = 46;
	objects = {

/* Begin PBXBuildFile section */
		6E0208F61B7C5E6C0039B0BE /* images.xcassets in Resources */ = {isa = PBXBuildFile; fileRef = 6E0208F51B7C5E6C0039B0BE /* images.xcassets */; };
		6E05D39D1B7BF3DF004D88A8 /* CollectionViewCell.swift in Sources */ = {isa = PBXBuildFile; fileRef = 6E05D39C1B7BF3DF004D88A8 /* CollectionViewCell.swift */; };
		6E05D3A11B7BF435004D88A8 /* CollectionViewController.swift in Sources */ = {isa = PBXBuildFile; fileRef = 6E05D3A01B7BF435004D88A8 /* CollectionViewController.swift */; };
		6E119BA41B6D73900058A7ED /* AppDelegate.swift in Sources */ = {isa = PBXBuildFile; fileRef = 6E119BA31B6D73900058A7ED /* AppDelegate.swift */; };
		6E119BA91B6D73900058A7ED /* Main.storyboard in Resources */ = {isa = PBXBuildFile; fileRef = 6E119BA71B6D73900058A7ED /* Main.storyboard */; };
		6E119BAE1B6D73900058A7ED /* LaunchScreen.xib in Resources */ = {isa = PBXBuildFile; fileRef = 6E119BAC1B6D73900058A7ED /* LaunchScreen.xib */; };
		6E119BC41B6D79590058A7ED /* MainTableViewController.swift in Sources */ = {isa = PBXBuildFile; fileRef = 6E119BC31B6D79590058A7ED /* MainTableViewController.swift */; };
		6E119BC61B6D79940058A7ED /* MainTableViewCell.swift in Sources */ = {isa = PBXBuildFile; fileRef = 6E119BC51B6D79940058A7ED /* MainTableViewCell.swift */; };
		6E119BCB1B6D81980058A7ED /* Data.swift in Sources */ = {isa = PBXBuildFile; fileRef = 6E119BCA1B6D81980058A7ED /* Data.swift */; };
		6E119BCD1B6D93FD0058A7ED /* ArtistNameLabel.swift in Sources */ = {isa = PBXBuildFile; fileRef = 6E119BCC1B6D93FD0058A7ED /* ArtistNameLabel.swift */; };
		6E45169F1B72A912000EB0FC /* SoloViewController.swift in Sources */ = {isa = PBXBuildFile; fileRef = 6E45169E1B72A912000EB0FC /* SoloViewController.swift */; };
		6EEE121E1B8CC33200B3F1CD /* WebsiteViewController.swift in Sources */ = {isa = PBXBuildFile; fileRef = 6EEE121D1B8CC33200B3F1CD /* WebsiteViewController.swift */; };
		6EEFFC691B7D196C00EA2F55 /* Images-2.xcassets in Resources */ = {isa = PBXBuildFile; fileRef = 6EEFFC681B7D196C00EA2F55 /* Images-2.xcassets */; };
		6EEFFC6B1B7D1A0100EA2F55 /* Launch Screen.xib in Resources */ = {isa = PBXBuildFile; fileRef = 6EEFFC6A1B7D1A0100EA2F55 /* Launch Screen.xib */; };
/* End PBXBuildFile section */

/* Begin PBXContainerItemProxy section */
		6E119BB41B6D73900058A7ED /* PBXContainerItemProxy */ = {
			isa = PBXContainerItemProxy;
			containerPortal = 6E119B961B6D73900058A7ED /* Project object */;
			proxyType = 1;
			remoteGlobalIDString = 6E119B9D1B6D73900058A7ED;
			remoteInfo = "Art Prints 3.1";
		};
/* End PBXContainerItemProxy section */

/* Begin PBXFileReference section */
		6E0208F51B7C5E6C0039B0BE /* images.xcassets */ = {isa = PBXFileReference; lastKnownFileType = folder.assetcatalog; path = images.xcassets; sourceTree = "<group>"; };
		6E05D39C1B7BF3DF004D88A8 /* CollectionViewCell.swift */ = {isa = PBXFileReference; fileEncoding = 4; lastKnownFileType = sourcecode.swift; path = CollectionViewCell.swift; sourceTree = "<group>"; };
		6E05D3A01B7BF435004D88A8 /* CollectionViewController.swift */ = {isa = PBXFileReference; fileEncoding = 4; lastKnownFileType = sourcecode.swift; path = CollectionViewController.swift; sourceTree = "<group>"; };
		6E119B9E1B6D73900058A7ED /* Art Prints 3.1.app */ = {isa = PBXFileReference; explicitFileType = wrapper.application; includeInIndex = 0; path = "Art Prints 3.1.app"; sourceTree = BUILT_PRODUCTS_DIR; };
		6E119BA21B6D73900058A7ED /* Info.plist */ = {isa = PBXFileReference; lastKnownFileType = text.plist.xml; path = Info.plist; sourceTree = "<group>"; };
		6E119BA31B6D73900058A7ED /* AppDelegate.swift */ = {isa = PBXFileReference; lastKnownFileType = sourcecode.swift; path = AppDelegate.swift; sourceTree = "<group>"; };
		6E119BA81B6D73900058A7ED /* Base */ = {isa = PBXFileReference; lastKnownFileType = file.storyboard; name = Base; path = Base.lproj/Main.storyboard; sourceTree = "<group>"; };
		6E119BAD1B6D73900058A7ED /* Base */ = {isa = PBXFileReference; lastKnownFileType = file.xib; name = Base; path = Base.lproj/LaunchScreen.xib; sourceTree = "<group>"; };
		6E119BB31B6D73900058A7ED /* Art Prints 3.1Tests.xctest */ = {isa = PBXFileReference; explicitFileType = wrapper.cfbundle; includeInIndex = 0; path = "Art Prints 3.1Tests.xctest"; sourceTree = BUILT_PRODUCTS_DIR; };
		6E119BB81B6D73900058A7ED /* Info.plist */ = {isa = PBXFileReference; lastKnownFileType = text.plist.xml; path = Info.plist; sourceTree = "<group>"; };
		6E119BC31B6D79590058A7ED /* MainTableViewController.swift */ = {isa = PBXFileReference; fileEncoding = 4; lastKnownFileType = sourcecode.swift; path = MainTableViewController.swift; sourceTree = SOURCE_ROOT; };
		6E119BC51B6D79940058A7ED /* MainTableViewCell.swift */ = {isa = PBXFileReference; fileEncoding = 4; lastKnownFileType = sourcecode.swift; path = MainTableViewCell.swift; sourceTree = "<group>"; };
		6E119BCA1B6D81980058A7ED /* Data.swift */ = {isa = PBXFileReference; fileEncoding = 4; lastKnownFileType = sourcecode.swift; path = Data.swift; sourceTree = "<group>"; };
		6E119BCC1B6D93FD0058A7ED /* ArtistNameLabel.swift */ = {isa = PBXFileReference; fileEncoding = 4; lastKnownFileType = sourcecode.swift; path = ArtistNameLabel.swift; sourceTree = "<group>"; };
		6E45169E1B72A912000EB0FC /* SoloViewController.swift */ = {isa = PBXFileReference; fileEncoding = 4; lastKnownFileType = sourcecode.swift; path = SoloViewController.swift; sourceTree = "<group>"; };
		6EEE121D1B8CC33200B3F1CD /* WebsiteViewController.swift */ = {isa = PBXFileReference; fileEncoding = 4; lastKnownFileType = sourcecode.swift; path = WebsiteViewController.swift; sourceTree = "<group>"; };
		6EEFFC681B7D196C00EA2F55 /* Images-2.xcassets */ = {isa = PBXFileReference; lastKnownFileType = folder.assetcatalog; path = "Images-2.xcassets"; sourceTree = "<group>"; };
		6EEFFC6A1B7D1A0100EA2F55 /* Launch Screen.xib */ = {isa = PBXFileReference; fileEncoding = 4; lastKnownFileType = file.xib; path = "Launch Screen.xib"; sourceTree = "<group>"; };
/* End PBXFileReference section */

/* Begin PBXFrameworksBuildPhase section */
		6E119B9B1B6D73900058A7ED /* Frameworks */ = {
			isa = PBXFrameworksBuildPhase;
			buildActionMask = 2147483647;
			files = (
			);
			runOnlyForDeploymentPostprocessing = 0;
		};
		6E119BB01B6D73900058A7ED /* Frameworks */ = {
			isa = PBXFrameworksBuildPhase;
			buildActionMask = 2147483647;
			files = (
			);
			runOnlyForDeploymentPostprocessing = 0;
		};
/* End PBXFrameworksBuildPhase section */

/* Begin PBXGroup section */
		6E119B951B6D73900058A7ED = {
			isa = PBXGroup;
			children = (
				6E119BA01B6D73900058A7ED /* Art Prints 3.1 */,
				6E119BB61B6D73900058A7ED /* Art Prints 3.1Tests */,
				6E119B9F1B6D73900058A7ED /* Products */,
			);
			sourceTree = "<group>";
		};
		6E119B9F1B6D73900058A7ED /* Products */ = {
			isa = PBXGroup;
			children = (
				6E119B9E1B6D73900058A7ED /* Art Prints 3.1.app */,
				6E119BB31B6D73900058A7ED /* Art Prints 3.1Tests.xctest */,
			);
			name = Products;
			sourceTree = "<group>";
		};
		6E119BA01B6D73900058A7ED /* Art Prints 3.1 */ = {
			isa = PBXGroup;
			children = (
				6E119BC71B6D79B30058A7ED /* View Controllers */,
				6E119BC81B6D79C50058A7ED /* Cells */,
				6E119BA11B6D73900058A7ED /* Supporting Files */,
				6E119BA71B6D73900058A7ED /* Main.storyboard */,
				6E119BA31B6D73900058A7ED /* AppDelegate.swift */,
				6E119BAC1B6D73900058A7ED /* LaunchScreen.xib */,
				6EEFFC681B7D196C00EA2F55 /* Images-2.xcassets */,
			);
			path = "Art Prints 3.1";
			sourceTree = "<group>";
		};
		6E119BA11B6D73900058A7ED /* Supporting Files */ = {
			isa = PBXGroup;
			children = (
				6E119BCC1B6D93FD0058A7ED /* ArtistNameLabel.swift */,
				6E119BCA1B6D81980058A7ED /* Data.swift */,
				6E119BA21B6D73900058A7ED /* Info.plist */,
				6EEFFC6A1B7D1A0100EA2F55 /* Launch Screen.xib */,
			);
			name = "Supporting Files";
			sourceTree = "<group>";
		};
		6E119BB61B6D73900058A7ED /* Art Prints 3.1Tests */ = {
			isa = PBXGroup;
			children = (
				6E119BB71B6D73900058A7ED /* Supporting Files */,
			);
			path = "Art Prints 3.1Tests";
			sourceTree = "<group>";
		};
		6E119BB71B6D73900058A7ED /* Supporting Files */ = {
			isa = PBXGroup;
			children = (
				6E119BB81B6D73900058A7ED /* Info.plist */,
			);
			name = "Supporting Files";
			sourceTree = "<group>";
		};
		6E119BC71B6D79B30058A7ED /* View Controllers */ = {
			isa = PBXGroup;
			children = (
				6E119BC31B6D79590058A7ED /* MainTableViewController.swift */,
				6E45169E1B72A912000EB0FC /* SoloViewController.swift */,
				6E05D3A01B7BF435004D88A8 /* CollectionViewController.swift */,
				6EEE121D1B8CC33200B3F1CD /* WebsiteViewController.swift */,
				6E0208F51B7C5E6C0039B0BE /* images.xcassets */,
			);
			name = "View Controllers";
			sourceTree = "<group>";
		};
		6E119BC81B6D79C50058A7ED /* Cells */ = {
			isa = PBXGroup;
			children = (
				6E119BC51B6D79940058A7ED /* MainTableViewCell.swift */,
				6E05D39C1B7BF3DF004D88A8 /* CollectionViewCell.swift */,
			);
			name = Cells;
			sourceTree = "<group>";
		};
/* End PBXGroup section */

/* Begin PBXNativeTarget section */
		6E119B9D1B6D73900058A7ED /* Art Prints 3.1 */ = {
			isa = PBXNativeTarget;
			buildConfigurationList = 6E119BBD1B6D73900058A7ED /* Build configuration list for PBXNativeTarget "Art Prints 3.1" */;
			buildPhases = (
				6E119B9A1B6D73900058A7ED /* Sources */,
				6E119B9B1B6D73900058A7ED /* Frameworks */,
				6E119B9C1B6D73900058A7ED /* Resources */,
			);
			buildRules = (
			);
			dependencies = (
			);
			name = "Art Prints 3.1";
			productName = "Art Prints 3.1";
			productReference = 6E119B9E1B6D73900058A7ED /* Art Prints 3.1.app */;
			productType = "com.apple.product-type.application";
		};
		6E119BB21B6D73900058A7ED /* Art Prints 3.1Tests */ = {
			isa = PBXNativeTarget;
			buildConfigurationList = 6E119BC01B6D73900058A7ED /* Build configuration list for PBXNativeTarget "Art Prints 3.1Tests" */;
			buildPhases = (
				6E119BAF1B6D73900058A7ED /* Sources */,
				6E119BB01B6D73900058A7ED /* Frameworks */,
				6E119BB11B6D73900058A7ED /* Resources */,
			);
			buildRules = (
			);
			dependencies = (
				6E119BB51B6D73900058A7ED /* PBXTargetDependency */,
			);
			name = "Art Prints 3.1Tests";
			productName = "Art Prints 3.1Tests";
			productReference = 6E119BB31B6D73900058A7ED /* Art Prints 3.1Tests.xctest */;
			productType = "com.apple.product-type.bundle.unit-test";
		};
/* End PBXNativeTarget section */

/* Begin PBXProject section */
		6E119B961B6D73900058A7ED /* Project object */ = {
			isa = PBXProject;
			attributes = {
				LastSwiftMigration = 0700;
				LastSwiftUpdateCheck = 0700;
				LastUpgradeCheck = 0640;
				ORGANIZATIONNAME = "Justin Doo";
				TargetAttributes = {
					6E119B9D1B6D73900058A7ED = {
						CreatedOnToolsVersion = 6.4;
						DevelopmentTeam = 64WGS7PZR8;
					};
					6E119BB21B6D73900058A7ED = {
						CreatedOnToolsVersion = 6.4;
						TestTargetID = 6E119B9D1B6D73900058A7ED;
					};
				};
			};
			buildConfigurationList = 6E119B991B6D73900058A7ED /* Build configuration list for PBXProject "Art Prints 4.2 PRACTICE" */;
			compatibilityVersion = "Xcode 3.2";
			developmentRegion = English;
			hasScannedForEncodings = 0;
			knownRegions = (
				en,
				Base,
			);
			mainGroup = 6E119B951B6D73900058A7ED;
			productRefGroup = 6E119B9F1B6D73900058A7ED /* Products */;
			projectDirPath = "";
			projectRoot = "";
			targets = (
				6E119B9D1B6D73900058A7ED /* Art Prints 3.1 */,
				6E119BB21B6D73900058A7ED /* Art Prints 3.1Tests */,
			);
		};
/* End PBXProject section */

/* Begin PBXResourcesBuildPhase section */
		6E119B9C1B6D73900058A7ED /* Resources */ = {
			isa = PBXResourcesBuildPhase;
			buildActionMask = 2147483647;
			files = (
				6E0208F61B7C5E6C0039B0BE /* images.xcassets in Resources */,
				6E119BA91B6D73900058A7ED /* Main.storyboard in Resources */,
				6EEFFC691B7D196C00EA2F55 /* Images-2.xcassets in Resources */,
				6E119BAE1B6D73900058A7ED /* LaunchScreen.xib in Resources */,
				6EEFFC6B1B7D1A0100EA2F55 /* Launch Screen.xib in Resources */,
			);
			runOnlyForDeploymentPostprocessing = 0;
		};
		6E119BB11B6D73900058A7ED /* Resources */ = {
			isa = PBXResourcesBuildPhase;
			buildActionMask = 2147483647;
			files = (
			);
			runOnlyForDeploymentPostprocessing = 0;
		};
/* End PBXResourcesBuildPhase section */

/* Begin PBXSourcesBuildPhase section */
		6E119B9A1B6D73900058A7ED /* Sources */ = {
			isa = PBXSourcesBuildPhase;
			buildActionMask = 2147483647;
			files = (
				6E119BC41B6D79590058A7ED /* MainTableViewController.swift in Sources */,
				6E05D39D1B7BF3DF004D88A8 /* CollectionViewCell.swift in Sources */,
				6E119BC61B6D79940058A7ED /* MainTableViewCell.swift in Sources */,
				6E05D3A11B7BF435004D88A8 /* CollectionViewController.swift in Sources */,
				6EEE121E1B8CC33200B3F1CD /* WebsiteViewController.swift in Sources */,
				6E119BA41B6D73900058A7ED /* AppDelegate.swift in Sources */,
				6E119BCB1B6D81980058A7ED /* Data.swift in Sources */,
				6E119BCD1B6D93FD0058A7ED /* ArtistNameLabel.swift in Sources */,
				6E45169F1B72A912000EB0FC /* SoloViewController.swift in Sources */,
			);
			runOnlyForDeploymentPostprocessing = 0;
		};
		6E119BAF1B6D73900058A7ED /* Sources */ = {
			isa = PBXSourcesBuildPhase;
			buildActionMask = 2147483647;
			files = (
			);
			runOnlyForDeploymentPostprocessing = 0;
		};
/* End PBXSourcesBuildPhase section */

/* Begin PBXTargetDependency section */
		6E119BB51B6D73900058A7ED /* PBXTargetDependency */ = {
			isa = PBXTargetDependency;
			target = 6E119B9D1B6D73900058A7ED /* Art Prints 3.1 */;
			targetProxy = 6E119BB41B6D73900058A7ED /* PBXContainerItemProxy */;
		};
/* End PBXTargetDependency section */

/* Begin PBXVariantGroup section */
		6E119BA71B6D73900058A7ED /* Main.storyboard */ = {
			isa = PBXVariantGroup;
			children = (
				6E119BA81B6D73900058A7ED /* Base */,
			);
			name = Main.storyboard;
			sourceTree = "<group>";
		};
		6E119BAC1B6D73900058A7ED /* LaunchScreen.xib */ = {
			isa = PBXVariantGroup;
			children = (
				6E119BAD1B6D73900058A7ED /* Base */,
			);
			name = LaunchScreen.xib;
			sourceTree = "<group>";
		};
/* End PBXVariantGroup section */

/* Begin XCBuildConfiguration section */
		6E119BBB1B6D73900058A7ED /* Debug */ = {
			isa = XCBuildConfiguration;
			buildSettings = {
				ALWAYS_SEARCH_USER_PATHS = NO;
				CLANG_CXX_LANGUAGE_STANDARD = "gnu++0x";
				CLANG_CXX_LIBRARY = "libc++";
				CLANG_ENABLE_MODULES = YES;
				CLANG_ENABLE_OBJC_ARC = YES;
				CLANG_WARN_BOOL_CONVERSION = YES;
				CLANG_WARN_CONSTANT_CONVERSION = YES;
				CLANG_WARN_DIRECT_OBJC_ISA_USAGE = YES_ERROR;
				CLANG_WARN_EMPTY_BODY = YES;
				CLANG_WARN_ENUM_CONVERSION = YES;
				CLANG_WARN_INT_CONVERSION = YES;
				CLANG_WARN_OBJC_ROOT_CLASS = YES_ERROR;
				CLANG_WARN_UNREACHABLE_CODE = YES;
				CLANG_WARN__DUPLICATE_METHOD_MATCH = YES;
				"CODE_SIGN_IDENTITY[sdk=iphoneos*]" = "iPhone Developer";
				COPY_PHASE_STRIP = NO;
				DEBUG_INFORMATION_FORMAT = "dwarf-with-dsym";
				ENABLE_STRICT_OBJC_MSGSEND = YES;
				GCC_C_LANGUAGE_STANDARD = gnu99;
				GCC_DYNAMIC_NO_PIC = NO;
				GCC_NO_COMMON_BLOCKS = YES;
				GCC_OPTIMIZATION_LEVEL = 0;
				GCC_PREPROCESSOR_DEFINITIONS = (
					"DEBUG=1",
					"$(inherited)",
				);
				GCC_SYMBOLS_PRIVATE_EXTERN = NO;
				GCC_WARN_64_TO_32_BIT_CONVERSION = YES;
				GCC_WARN_ABOUT_RETURN_TYPE = YES_ERROR;
				GCC_WARN_UNDECLARED_SELECTOR = YES;
				GCC_WARN_UNINITIALIZED_AUTOS = YES_AGGRESSIVE;
				GCC_WARN_UNUSED_FUNCTION = YES;
				GCC_WARN_UNUSED_VARIABLE = YES;
				IPHONEOS_DEPLOYMENT_TARGET = 8.4;
				MTL_ENABLE_DEBUG_INFO = YES;
				ONLY_ACTIVE_ARCH = YES;
				SDKROOT = iphoneos;
				SWIFT_OPTIMIZATION_LEVEL = "-Onone";
			};
			name = Debug;
		};
		6E119BBC1B6D73900058A7ED /* Release */ = {
			isa = XCBuildConfiguration;
			buildSettings = {
				ALWAYS_SEARCH_USER_PATHS = NO;
				CLANG_CXX_LANGUAGE_STANDARD = "gnu++0x";
				CLANG_CXX_LIBRARY = "libc++";
				CLANG_ENABLE_MODULES = YES;
				CLANG_ENABLE_OBJC_ARC = YES;
				CLANG_WARN_BOOL_CONVERSION = YES;
				CLANG_WARN_CONSTANT_CONVERSION = YES;
				CLANG_WARN_DIRECT_OBJC_ISA_USAGE = YES_ERROR;
				CLANG_WARN_EMPTY_BODY = YES;
				CLANG_WARN_ENUM_CONVERSION = YES;
				CLANG_WARN_INT_CONVERSION = YES;
				CLANG_WARN_OBJC_ROOT_CLASS = YES_ERROR;
				CLANG_WARN_UNREACHABLE_CODE = YES;
				CLANG_WARN__DUPLICATE_METHOD_MATCH = YES;
				"CODE_SIGN_IDENTITY[sdk=iphoneos*]" = "iPhone Developer";
				COPY_PHASE_STRIP = NO;
				DEBUG_INFORMATION_FORMAT = "dwarf-with-dsym";
				ENABLE_NS_ASSERTIONS = NO;
				ENABLE_STRICT_OBJC_MSGSEND = YES;
				GCC_C_LANGUAGE_STANDARD = gnu99;
				GCC_NO_COMMON_BLOCKS = YES;
				GCC_WARN_64_TO_32_BIT_CONVERSION = YES;
				GCC_WARN_ABOUT_RETURN_TYPE = YES_ERROR;
				GCC_WARN_UNDECLARED_SELECTOR = YES;
				GCC_WARN_UNINITIALIZED_AUTOS = YES_AGGRESSIVE;
				GCC_WARN_UNUSED_FUNCTION = YES;
				GCC_WARN_UNUSED_VARIABLE = YES;
				IPHONEOS_DEPLOYMENT_TARGET = 8.4;
				MTL_ENABLE_DEBUG_INFO = NO;
				SDKROOT = iphoneos;
				VALIDATE_PRODUCT = YES;
			};
			name = Release;
		};
		6E119BBE1B6D73900058A7ED /* Debug */ = {
			isa = XCBuildConfiguration;
			buildSettings = {
				ASSETCATALOG_COMPILER_APPICON_NAME = AppIcon;
				CODE_SIGN_IDENTITY = "iPhone Developer";
				"CODE_SIGN_IDENTITY[sdk=iphoneos*]" = "iPhone Developer";
				INFOPLIST_FILE = "Art Prints 3.1/Info.plist";
				LD_RUNPATH_SEARCH_PATHS = "$(inherited) @executable_path/Frameworks";
				PRODUCT_NAME = "$(TARGET_NAME)";
				PROVISIONING_PROFILE = "";
			};
			name = Debug;
		};
		6E119BBF1B6D73900058A7ED /* Release */ = {
			isa = XCBuildConfiguration;
			buildSettings = {
				ASSETCATALOG_COMPILER_APPICON_NAME = AppIcon;
				CODE_SIGN_IDENTITY = "iPhone Developer";
				"CODE_SIGN_IDENTITY[sdk=iphoneos*]" = "iPhone Developer";
				INFOPLIST_FILE = "Art Prints 3.1/Info.plist";
				LD_RUNPATH_SEARCH_PATHS = "$(inherited) @executable_path/Frameworks";
				PRODUCT_NAME = "$(TARGET_NAME)";
				PROVISIONING_PROFILE = "";
			};
			name = Release;
		};
		6E119BC11B6D73900058A7ED /* Debug */ = {
			isa = XCBuildConfiguration;
			buildSettings = {
				BUNDLE_LOADER = "$(TEST_HOST)";
				FRAMEWORK_SEARCH_PATHS = (
					"$(SDKROOT)/Developer/Library/Frameworks",
					"$(inherited)",
				);
				GCC_PREPROCESSOR_DEFINITIONS = (
					"DEBUG=1",
					"$(inherited)",
				);
				INFOPLIST_FILE = "Art Prints 3.1Tests/Info.plist";
				LD_RUNPATH_SEARCH_PATHS = "$(inherited) @executable_path/Frameworks @loader_path/Frameworks";
				PRODUCT_NAME = "$(TARGET_NAME)";
				TEST_HOST = "$(BUILT_PRODUCTS_DIR)/Art Prints 3.1.app/Art Prints 3.1";
			};
			name = Debug;
		};
		6E119BC21B6D73900058A7ED /* Release */ = {
			isa = XCBuildConfiguration;
			buildSettings = {
				BUNDLE_LOADER = "$(TEST_HOST)";
				FRAMEWORK_SEARCH_PATHS = (
					"$(SDKROOT)/Developer/Library/Frameworks",
					"$(inherited)",
				);
				INFOPLIST_FILE = "Art Prints 3.1Tests/Info.plist";
				LD_RUNPATH_SEARCH_PATHS = "$(inherited) @executable_path/Frameworks @loader_path/Frameworks";
				PRODUCT_NAME = "$(TARGET_NAME)";
				TEST_HOST = "$(BUILT_PRODUCTS_DIR)/Art Prints 3.1.app/Art Prints 3.1";
			};
			name = Release;
		};
/* End XCBuildConfiguration section */

/* Begin XCConfigurationList section */
		6E119B991B6D73900058A7ED /* Build configuration list for PBXProject "Art Prints 4.2 PRACTICE" */ = {
			isa = XCConfigurationList;
			buildConfigurations = (
				6E119BBB1B6D73900058A7ED /* Debug */,
				6E119BBC1B6D73900058A7ED /* Release */,
			);
			defaultConfigurationIsVisible = 0;
			defaultConfigurationName = Release;
		};
		6E119BBD1B6D73900058A7ED /* Build configuration list for PBXNativeTarget "Art Prints 3.1" */ = {
			isa = XCConfigurationList;
			buildConfigurations = (
				6E119BBE1B6D73900058A7ED /* Debug */,
				6E119BBF1B6D73900058A7ED /* Release */,
			);
			defaultConfigurationIsVisible = 0;
			defaultConfigurationName = Release;
		};
		6E119BC01B6D73900058A7ED /* Build configuration list for PBXNativeTarget "Art Prints 3.1Tests" */ = {
			isa = XCConfigurationList;
			buildConfigurations = (
				6E119BC11B6D73900058A7ED /* Debug */,
				6E119BC21B6D73900058A7ED /* Release */,
			);
			defaultConfigurationIsVisible = 0;
			defaultConfigurationName = Release;
		};
/* End XCConfigurationList section */
	};
	rootObject = 6E119B961B6D73900058A7ED /* Project object */;
}
